// !$*UTF8*$!
{
	archiveVersion = 1;
	classes = {
	};
	objectVersion = 54;
	objects = {

/* Begin PBXBuildFile section */
		0C80B921A6F3F58F76C31292 /* libPods-AstroTitanAstrologer.a in Frameworks */ = {isa = PBXBuildFile; fileRef = 5DCACB8F33CDC322A6C60F78 /* libPods-AstroTitanAstrologer.a */; };
		13B07FBF1A68108700A75B9A /* Images.xcassets in Resources */ = {isa = PBXBuildFile; fileRef = 13B07FB51A68108700A75B9A /* Images.xcassets */; };
		761780ED2CA45674006654EE /* AppDelegate.swift in Sources */ = {isa = PBXBuildFile; fileRef = 761780EC2CA45674006654EE /* AppDelegate.swift */; };
		81AB9BB82411601600AC10FF /* LaunchScreen.storyboard in Resources */ = {isa = PBXBuildFile; fileRef = 81AB9BB72411601600AC10FF /* LaunchScreen.storyboard */; };
		7A43B2D7B91C459C887122E0 /* GeneralSans-Bold.otf in Resources */ = {isa = PBXBuildFile; fileRef = 4A6322B36DEE4B3A9277AE6C /* GeneralSans-Bold.otf */; };
		B1DA509CF8F54BBFAD964C54 /* GeneralSans-BoldItalic.otf in Resources */ = {isa = PBXBuildFile; fileRef = 730D9BD4369647E49C498115 /* GeneralSans-BoldItalic.otf */; };
		868A62491CF54F4386F576C9 /* GeneralSans-Extralight.otf in Resources */ = {isa = PBXBuildFile; fileRef = E9B6E7C1F9A142E09CDEA0BD /* GeneralSans-Extralight.otf */; };
		7877E291908742259FE96873 /* GeneralSans-ExtralightItalic.otf in Resources */ = {isa = PBXBuildFile; fileRef = 42D57AA569E340C7A2E8F2FD /* GeneralSans-ExtralightItalic.otf */; };
		DF4A3100844340D6BEC804D7 /* GeneralSans-Italic.otf in Resources */ = {isa = PBXBuildFile; fileRef = 1D8F8B4B566E487B897EC5C8 /* GeneralSans-Italic.otf */; };
		703D1306EC2A4EADADFDC72A /* GeneralSans-Light.otf in Resources */ = {isa = PBXBuildFile; fileRef = 9B9FFD24FCAA426AB6985388 /* GeneralSans-Light.otf */; };
		78C9763E176B4BD2A7EFA40F /* GeneralSans-LightItalic.otf in Resources */ = {isa = PBXBuildFile; fileRef = E8C5A763C92641AAA31C949D /* GeneralSans-LightItalic.otf */; };
		463E6C324BF646AE915D1520 /* GeneralSans-Medium.otf in Resources */ = {isa = PBXBuildFile; fileRef = 70A78256001944A2B258143D /* GeneralSans-Medium.otf */; };
		C141949CFCA5412B968D64D0 /* GeneralSans-MediumItalic.otf in Resources */ = {isa = PBXBuildFile; fileRef = 3596F137230B4D4B887C31BB /* GeneralSans-MediumItalic.otf */; };
		3144BC1006C340AFBF6044A8 /* GeneralSans-Regular.otf in Resources */ = {isa = PBXBuildFile; fileRef = F9A23E0FCC2B4BFD9CE7522B /* GeneralSans-Regular.otf */; };
		43E82684BE07417F897AEE1C /* GeneralSans-Semibold.otf in Resources */ = {isa = PBXBuildFile; fileRef = EF7E6D0594B74C478A1894D7 /* GeneralSans-Semibold.otf */; };
		690F7D94EAEF4C188E33D965 /* GeneralSans-SemiboldItalic.otf in Resources */ = {isa = PBXBuildFile; fileRef = 373C5E5CC4924889AD1ED88A /* GeneralSans-SemiboldItalic.otf */; };
		693034D0337E41F99366E67B /* Satoshi-Black.otf in Resources */ = {isa = PBXBuildFile; fileRef = 1072651F604648898AAC2834 /* Satoshi-Black.otf */; };
		7D2447713E1F45C0A05E3BB5 /* Satoshi-BlackItalic.otf in Resources */ = {isa = PBXBuildFile; fileRef = 186F32A769FD4855952AA5AE /* Satoshi-BlackItalic.otf */; };
		8C8188E38C9A4E8DB2A77AEC /* Satoshi-Bold.otf in Resources */ = {isa = PBXBuildFile; fileRef = B6D0BF612CD04B40AE92A1C5 /* Satoshi-Bold.otf */; };
		CEF02BD5FBB344C0B6BDCA52 /* Satoshi-BoldItalic.otf in Resources */ = {isa = PBXBuildFile; fileRef = B3424780FB294AFCBFC75F88 /* Satoshi-BoldItalic.otf */; };
		C2FF029990234AE7AED743F6 /* Satoshi-Italic.otf in Resources */ = {isa = PBXBuildFile; fileRef = 330C6EF74FFD476D95778084 /* Satoshi-Italic.otf */; };
		4A0F6FF19A4744B58ACE3DBE /* Satoshi-Light.otf in Resources */ = {isa = PBXBuildFile; fileRef = 25FF43E099174377BE5D0249 /* Satoshi-Light.otf */; };
		691E2AC22E0F4999A840BD09 /* Satoshi-LightItalic.otf in Resources */ = {isa = PBXBuildFile; fileRef = 800C599D808F4B1DA0368818 /* Satoshi-LightItalic.otf */; };
		75206291222D4A529A0308E5 /* Satoshi-Medium.otf in Resources */ = {isa = PBXBuildFile; fileRef = 2DD8C9FFB3D24C2DABA8CB83 /* Satoshi-Medium.otf */; };
		4DC48777F8CA454C9ED18DE1 /* Satoshi-MediumItalic.otf in Resources */ = {isa = PBXBuildFile; fileRef = 7A2C17DC2DE040F3BCA0BFE2 /* Satoshi-MediumItalic.otf */; };
		63DD077602AD41DD9C38D73A /* Satoshi-Regular.otf in Resources */ = {isa = PBXBuildFile; fileRef = 735126A0C82841D58C17C8EB /* Satoshi-Regular.otf */; };
/* End PBXBuildFile section */

/* Begin PBXFileReference section */
		13B07F961A680F5B00A75B9A /* AstroTitanAstrologer.app */ = {isa = PBXFileReference; explicitFileType = wrapper.application; includeInIndex = 0; path = AstroTitanAstrologer.app; sourceTree = BUILT_PRODUCTS_DIR; };
		13B07FB51A68108700A75B9A /* Images.xcassets */ = {isa = PBXFileReference; lastKnownFileType = folder.assetcatalog; name = Images.xcassets; path = AstroTitanAstrologer/Images.xcassets; sourceTree = "<group>"; };
		13B07FB61A68108700A75B9A /* Info.plist */ = {isa = PBXFileReference; fileEncoding = 4; lastKnownFileType = text.plist.xml; name = Info.plist; path = AstroTitanAstrologer/Info.plist; sourceTree = "<group>"; };
		13B07FB81A68108700A75B9A /* PrivacyInfo.xcprivacy */ = {isa = PBXFileReference; fileEncoding = 4; lastKnownFileType = text.plist.xml; name = PrivacyInfo.xcprivacy; path = AstroTitanAstrologer/PrivacyInfo.xcprivacy; sourceTree = "<group>"; };
		3B4392A12AC88292D35C810B /* Pods-AstroTitanAstrologer.debug.xcconfig */ = {isa = PBXFileReference; includeInIndex = 1; lastKnownFileType = text.xcconfig; name = "Pods-AstroTitanAstrologer.debug.xcconfig"; path = "Target Support Files/Pods-AstroTitanAstrologer/Pods-AstroTitanAstrologer.debug.xcconfig"; sourceTree = "<group>"; };
		5709B34CF0A7D63546082F79 /* Pods-AstroTitanAstrologer.release.xcconfig */ = {isa = PBXFileReference; includeInIndex = 1; lastKnownFileType = text.xcconfig; name = "Pods-AstroTitanAstrologer.release.xcconfig"; path = "Target Support Files/Pods-AstroTitanAstrologer/Pods-AstroTitanAstrologer.release.xcconfig"; sourceTree = "<group>"; };
		5DCACB8F33CDC322A6C60F78 /* libPods-AstroTitanAstrologer.a */ = {isa = PBXFileReference; explicitFileType = archive.ar; includeInIndex = 0; path = "libPods-AstroTitanAstrologer.a"; sourceTree = BUILT_PRODUCTS_DIR; };
		761780EC2CA45674006654EE /* AppDelegate.swift */ = {isa = PBXFileReference; lastKnownFileType = sourcecode.swift; name = AppDelegate.swift; path = AstroTitanAstrologer/AppDelegate.swift; sourceTree = "<group>"; };
		81AB9BB72411601600AC10FF /* LaunchScreen.storyboard */ = {isa = PBXFileReference; fileEncoding = 4; lastKnownFileType = file.storyboard; name = LaunchScreen.storyboard; path = AstroTitanAstrologer/LaunchScreen.storyboard; sourceTree = "<group>"; };
		ED297162215061F000B7C4FE /* JavaScriptCore.framework */ = {isa = PBXFileReference; lastKnownFileType = wrapper.framework; name = JavaScriptCore.framework; path = System/Library/Frameworks/JavaScriptCore.framework; sourceTree = SDKROOT; };
		4A6322B36DEE4B3A9277AE6C /* GeneralSans-Bold.otf */ = {isa = PBXFileReference; name = "GeneralSans-Bold.otf"; path = "../src/assets/fonts/google_sans/GeneralSans-Bold.otf"; sourceTree = "<group>"; fileEncoding = undefined; lastKnownFileType = unknown; explicitFileType = undefined; includeInIndex = 0; };
		730D9BD4369647E49C498115 /* GeneralSans-BoldItalic.otf */ = {isa = PBXFileReference; name = "GeneralSans-BoldItalic.otf"; path = "../src/assets/fonts/google_sans/GeneralSans-BoldItalic.otf"; sourceTree = "<group>"; fileEncoding = undefined; lastKnownFileType = unknown; explicitFileType = undefined; includeInIndex = 0; };
		E9B6E7C1F9A142E09CDEA0BD /* GeneralSans-Extralight.otf */ = {isa = PBXFileReference; name = "GeneralSans-Extralight.otf"; path = "../src/assets/fonts/google_sans/GeneralSans-Extralight.otf"; sourceTree = "<group>"; fileEncoding = undefined; lastKnownFileType = unknown; explicitFileType = undefined; includeInIndex = 0; };
		42D57AA569E340C7A2E8F2FD /* GeneralSans-ExtralightItalic.otf */ = {isa = PBXFileReference; name = "GeneralSans-ExtralightItalic.otf"; path = "../src/assets/fonts/google_sans/GeneralSans-ExtralightItalic.otf"; sourceTree = "<group>"; fileEncoding = undefined; lastKnownFileType = unknown; explicitFileType = undefined; includeInIndex = 0; };
		1D8F8B4B566E487B897EC5C8 /* GeneralSans-Italic.otf */ = {isa = PBXFileReference; name = "GeneralSans-Italic.otf"; path = "../src/assets/fonts/google_sans/GeneralSans-Italic.otf"; sourceTree = "<group>"; fileEncoding = undefined; lastKnownFileType = unknown; explicitFileType = undefined; includeInIndex = 0; };
		9B9FFD24FCAA426AB6985388 /* GeneralSans-Light.otf */ = {isa = PBXFileReference; name = "GeneralSans-Light.otf"; path = "../src/assets/fonts/google_sans/GeneralSans-Light.otf"; sourceTree = "<group>"; fileEncoding = undefined; lastKnownFileType = unknown; explicitFileType = undefined; includeInIndex = 0; };
		E8C5A763C92641AAA31C949D /* GeneralSans-LightItalic.otf */ = {isa = PBXFileReference; name = "GeneralSans-LightItalic.otf"; path = "../src/assets/fonts/google_sans/GeneralSans-LightItalic.otf"; sourceTree = "<group>"; fileEncoding = undefined; lastKnownFileType = unknown; explicitFileType = undefined; includeInIndex = 0; };
		70A78256001944A2B258143D /* GeneralSans-Medium.otf */ = {isa = PBXFileReference; name = "GeneralSans-Medium.otf"; path = "../src/assets/fonts/google_sans/GeneralSans-Medium.otf"; sourceTree = "<group>"; fileEncoding = undefined; lastKnownFileType = unknown; explicitFileType = undefined; includeInIndex = 0; };
		3596F137230B4D4B887C31BB /* GeneralSans-MediumItalic.otf */ = {isa = PBXFileReference; name = "GeneralSans-MediumItalic.otf"; path = "../src/assets/fonts/google_sans/GeneralSans-MediumItalic.otf"; sourceTree = "<group>"; fileEncoding = undefined; lastKnownFileType = unknown; explicitFileType = undefined; includeInIndex = 0; };
		F9A23E0FCC2B4BFD9CE7522B /* GeneralSans-Regular.otf */ = {isa = PBXFileReference; name = "GeneralSans-Regular.otf"; path = "../src/assets/fonts/google_sans/GeneralSans-Regular.otf"; sourceTree = "<group>"; fileEncoding = undefined; lastKnownFileType = unknown; explicitFileType = undefined; includeInIndex = 0; };
		EF7E6D0594B74C478A1894D7 /* GeneralSans-Semibold.otf */ = {isa = PBXFileReference; name = "GeneralSans-Semibold.otf"; path = "../src/assets/fonts/google_sans/GeneralSans-Semibold.otf"; sourceTree = "<group>"; fileEncoding = undefined; lastKnownFileType = unknown; explicitFileType = undefined; includeInIndex = 0; };
		373C5E5CC4924889AD1ED88A /* GeneralSans-SemiboldItalic.otf */ = {isa = PBXFileReference; name = "GeneralSans-SemiboldItalic.otf"; path = "../src/assets/fonts/google_sans/GeneralSans-SemiboldItalic.otf"; sourceTree = "<group>"; fileEncoding = undefined; lastKnownFileType = unknown; explicitFileType = undefined; includeInIndex = 0; };
		1072651F604648898AAC2834 /* Satoshi-Black.otf */ = {isa = PBXFileReference; name = "Satoshi-Black.otf"; path = "../src/assets/fonts/satoshi/Satoshi-Black.otf"; sourceTree = "<group>"; fileEncoding = undefined; lastKnownFileType = unknown; explicitFileType = undefined; includeInIndex = 0; };
		186F32A769FD4855952AA5AE /* Satoshi-BlackItalic.otf */ = {isa = PBXFileReference; name = "Satoshi-BlackItalic.otf"; path = "../src/assets/fonts/satoshi/Satoshi-BlackItalic.otf"; sourceTree = "<group>"; fileEncoding = undefined; lastKnownFileType = unknown; explicitFileType = undefined; includeInIndex = 0; };
		B6D0BF612CD04B40AE92A1C5 /* Satoshi-Bold.otf */ = {isa = PBXFileReference; name = "Satoshi-Bold.otf"; path = "../src/assets/fonts/satoshi/Satoshi-Bold.otf"; sourceTree = "<group>"; fileEncoding = undefined; lastKnownFileType = unknown; explicitFileType = undefined; includeInIndex = 0; };
		B3424780FB294AFCBFC75F88 /* Satoshi-BoldItalic.otf */ = {isa = PBXFileReference; name = "Satoshi-BoldItalic.otf"; path = "../src/assets/fonts/satoshi/Satoshi-BoldItalic.otf"; sourceTree = "<group>"; fileEncoding = undefined; lastKnownFileType = unknown; explicitFileType = undefined; includeInIndex = 0; };
		330C6EF74FFD476D95778084 /* Satoshi-Italic.otf */ = {isa = PBXFileReference; name = "Satoshi-Italic.otf"; path = "../src/assets/fonts/satoshi/Satoshi-Italic.otf"; sourceTree = "<group>"; fileEncoding = undefined; lastKnownFileType = unknown; explicitFileType = undefined; includeInIndex = 0; };
		25FF43E099174377BE5D0249 /* Satoshi-Light.otf */ = {isa = PBXFileReference; name = "Satoshi-Light.otf"; path = "../src/assets/fonts/satoshi/Satoshi-Light.otf"; sourceTree = "<group>"; fileEncoding = undefined; lastKnownFileType = unknown; explicitFileType = undefined; includeInIndex = 0; };
		800C599D808F4B1DA0368818 /* Satoshi-LightItalic.otf */ = {isa = PBXFileReference; name = "Satoshi-LightItalic.otf"; path = "../src/assets/fonts/satoshi/Satoshi-LightItalic.otf"; sourceTree = "<group>"; fileEncoding = undefined; lastKnownFileType = unknown; explicitFileType = undefined; includeInIndex = 0; };
		2DD8C9FFB3D24C2DABA8CB83 /* Satoshi-Medium.otf */ = {isa = PBXFileReference; name = "Satoshi-Medium.otf"; path = "../src/assets/fonts/satoshi/Satoshi-Medium.otf"; sourceTree = "<group>"; fileEncoding = undefined; lastKnownFileType = unknown; explicitFileType = undefined; includeInIndex = 0; };
		7A2C17DC2DE040F3BCA0BFE2 /* Satoshi-MediumItalic.otf */ = {isa = PBXFileReference; name = "Satoshi-MediumItalic.otf"; path = "../src/assets/fonts/satoshi/Satoshi-MediumItalic.otf"; sourceTree = "<group>"; fileEncoding = undefined; lastKnownFileType = unknown; explicitFileType = undefined; includeInIndex = 0; };
		735126A0C82841D58C17C8EB /* Satoshi-Regular.otf */ = {isa = PBXFileReference; name = "Satoshi-Regular.otf"; path = "../src/assets/fonts/satoshi/Satoshi-Regular.otf"; sourceTree = "<group>"; fileEncoding = undefined; lastKnownFileType = unknown; explicitFileType = undefined; includeInIndex = 0; };
/* End PBXFileReference section */

/* Begin PBXFrameworksBuildPhase section */
		13B07F8C1A680F5B00A75B9A /* Frameworks */ = {
			isa = PBXFrameworksBuildPhase;
			buildActionMask = 2147483647;
			files = (
				0C80B921A6F3F58F76C31292 /* libPods-AstroTitanAstrologer.a in Frameworks */,
			);
			runOnlyForDeploymentPostprocessing = 0;
		};
/* End PBXFrameworksBuildPhase section */

/* Begin PBXGroup section */
		13B07FAE1A68108700A75B9A /* AstroTitanAstrologer */ = {
			isa = PBXGroup;
			children = (
				13B07FB51A68108700A75B9A /* Images.xcassets */,
				761780EC2CA45674006654EE /* AppDelegate.swift */,
				13B07FB61A68108700A75B9A /* Info.plist */,
				81AB9BB72411601600AC10FF /* LaunchScreen.storyboard */,
				13B07FB81A68108700A75B9A /* PrivacyInfo.xcprivacy */,
			);
			name = AstroTitanAstrologer;
			sourceTree = "<group>";
		};
		2D16E6871FA4F8E400B85C8A /* Frameworks */ = {
			isa = PBXGroup;
			children = (
				ED297162215061F000B7C4FE /* JavaScriptCore.framework */,
				5DCACB8F33CDC322A6C60F78 /* libPods-AstroTitanAstrologer.a */,
			);
			name = Frameworks;
			sourceTree = "<group>";
		};
		832341AE1AAA6A7D00B99B32 /* Libraries */ = {
			isa = PBXGroup;
			children = (
			);
			name = Libraries;
			sourceTree = "<group>";
		};
		83CBB9F61A601CBA00E9B192 = {
			isa = PBXGroup;
			children = (
				13B07FAE1A68108700A75B9A /* AstroTitanAstrologer */,
				832341AE1AAA6A7D00B99B32 /* Libraries */,
				83CBBA001A601CBA00E9B192 /* Products */,
				2D16E6871FA4F8E400B85C8A /* Frameworks */,
				BBD78D7AC51CEA395F1C20DB /* Pods */,
				036B77727311438D97C00FE0 /* Resources */,
			);
			indentWidth = 2;
			sourceTree = "<group>";
			tabWidth = 2;
			usesTabs = 0;
		};
		83CBBA001A601CBA00E9B192 /* Products */ = {
			isa = PBXGroup;
			children = (
				13B07F961A680F5B00A75B9A /* AstroTitanAstrologer.app */,
			);
			name = Products;
			sourceTree = "<group>";
		};
		BBD78D7AC51CEA395F1C20DB /* Pods */ = {
			isa = PBXGroup;
			children = (
				3B4392A12AC88292D35C810B /* Pods-AstroTitanAstrologer.debug.xcconfig */,
				5709B34CF0A7D63546082F79 /* Pods-AstroTitanAstrologer.release.xcconfig */,
			);
			path = Pods;
			sourceTree = "<group>";
		};
		036B77727311438D97C00FE0 /* Resources */ = {
			isa = "PBXGroup";
			children = (
				4A6322B36DEE4B3A9277AE6C /* GeneralSans-Bold.otf */,
				730D9BD4369647E49C498115 /* GeneralSans-BoldItalic.otf */,
				E9B6E7C1F9A142E09CDEA0BD /* GeneralSans-Extralight.otf */,
				42D57AA569E340C7A2E8F2FD /* GeneralSans-ExtralightItalic.otf */,
				1D8F8B4B566E487B897EC5C8 /* GeneralSans-Italic.otf */,
				9B9FFD24FCAA426AB6985388 /* GeneralSans-Light.otf */,
				E8C5A763C92641AAA31C949D /* GeneralSans-LightItalic.otf */,
				70A78256001944A2B258143D /* GeneralSans-Medium.otf */,
				3596F137230B4D4B887C31BB /* GeneralSans-MediumItalic.otf */,
				F9A23E0FCC2B4BFD9CE7522B /* GeneralSans-Regular.otf */,
				EF7E6D0594B74C478A1894D7 /* GeneralSans-Semibold.otf */,
				373C5E5CC4924889AD1ED88A /* GeneralSans-SemiboldItalic.otf */,
				1072651F604648898AAC2834 /* Satoshi-Black.otf */,
				186F32A769FD4855952AA5AE /* Satoshi-BlackItalic.otf */,
				B6D0BF612CD04B40AE92A1C5 /* Satoshi-Bold.otf */,
				B3424780FB294AFCBFC75F88 /* Satoshi-BoldItalic.otf */,
				330C6EF74FFD476D95778084 /* Satoshi-Italic.otf */,
				25FF43E099174377BE5D0249 /* Satoshi-Light.otf */,
				800C599D808F4B1DA0368818 /* Satoshi-LightItalic.otf */,
				2DD8C9FFB3D24C2DABA8CB83 /* Satoshi-Medium.otf */,
				7A2C17DC2DE040F3BCA0BFE2 /* Satoshi-MediumItalic.otf */,
				735126A0C82841D58C17C8EB /* Satoshi-Regular.otf */,
			);
			name = Resources;
			sourceTree = "<group>";
			path = "";
		};
/* End PBXGroup section */

/* Begin PBXNativeTarget section */
		13B07F861A680F5B00A75B9A /* AstroTitanAstrologer */ = {
			isa = PBXNativeTarget;
			buildConfigurationList = 13B07F931A680F5B00A75B9A /* Build configuration list for PBXNativeTarget "AstroTitanAstrologer" */;
			buildPhases = (
				C38B50BA6285516D6DCD4F65 /* [CP] Check Pods Manifest.lock */,
				13B07F871A680F5B00A75B9A /* Sources */,
				13B07F8C1A680F5B00A75B9A /* Frameworks */,
				13B07F8E1A680F5B00A75B9A /* Resources */,
				00DD1BFF1BD5951E006B06BC /* Bundle React Native code and images */,
				00EEFC60759A1932668264C0 /* [CP] Embed Pods Frameworks */,
				E235C05ADACE081382539298 /* [CP] Copy Pods Resources */,
			);
			buildRules = (
			);
			dependencies = (
			);
			name = AstroTitanAstrologer;
			productName = AstroTitanAstrologer;
			productReference = 13B07F961A680F5B00A75B9A /* AstroTitanAstrologer.app */;
			productType = "com.apple.product-type.application";
		};
/* End PBXNativeTarget section */

/* Begin PBXProject section */
		83CBB9F71A601CBA00E9B192 /* Project object */ = {
			isa = PBXProject;
			attributes = {
				LastUpgradeCheck = 1210;
				TargetAttributes = {
					13B07F861A680F5B00A75B9A = {
						LastSwiftMigration = 1120;
					};
				};
			};
			buildConfigurationList = 83CBB9FA1A601CBA00E9B192 /* Build configuration list for PBXProject "AstroTitanAstrologer" */;
			compatibilityVersion = "Xcode 12.0";
			developmentRegion = en;
			hasScannedForEncodings = 0;
			knownRegions = (
				en,
				Base,
			);
			mainGroup = 83CBB9F61A601CBA00E9B192;
			productRefGroup = 83CBBA001A601CBA00E9B192 /* Products */;
			projectDirPath = "";
			projectRoot = "";
			targets = (
				13B07F861A680F5B00A75B9A /* AstroTitanAstrologer */,
			);
		};
/* End PBXProject section */

/* Begin PBXResourcesBuildPhase section */
		13B07F8E1A680F5B00A75B9A /* Resources */ = {
			isa = PBXResourcesBuildPhase;
			buildActionMask = 2147483647;
			files = (
				81AB9BB82411601600AC10FF /* LaunchScreen.storyboard in Resources */,
				13B07FBF1A68108700A75B9A /* Images.xcassets in Resources */,
				7A43B2D7B91C459C887122E0 /* GeneralSans-Bold.otf in Resources */,
				B1DA509CF8F54BBFAD964C54 /* GeneralSans-BoldItalic.otf in Resources */,
				868A62491CF54F4386F576C9 /* GeneralSans-Extralight.otf in Resources */,
				7877E291908742259FE96873 /* GeneralSans-ExtralightItalic.otf in Resources */,
				DF4A3100844340D6BEC804D7 /* GeneralSans-Italic.otf in Resources */,
				703D1306EC2A4EADADFDC72A /* GeneralSans-Light.otf in Resources */,
				78C9763E176B4BD2A7EFA40F /* GeneralSans-LightItalic.otf in Resources */,
				463E6C324BF646AE915D1520 /* GeneralSans-Medium.otf in Resources */,
				C141949CFCA5412B968D64D0 /* GeneralSans-MediumItalic.otf in Resources */,
				3144BC1006C340AFBF6044A8 /* GeneralSans-Regular.otf in Resources */,
				43E82684BE07417F897AEE1C /* GeneralSans-Semibold.otf in Resources */,
				690F7D94EAEF4C188E33D965 /* GeneralSans-SemiboldItalic.otf in Resources */,
				693034D0337E41F99366E67B /* Satoshi-Black.otf in Resources */,
				7D2447713E1F45C0A05E3BB5 /* Satoshi-BlackItalic.otf in Resources */,
				8C8188E38C9A4E8DB2A77AEC /* Satoshi-Bold.otf in Resources */,
				CEF02BD5FBB344C0B6BDCA52 /* Satoshi-BoldItalic.otf in Resources */,
				C2FF029990234AE7AED743F6 /* Satoshi-Italic.otf in Resources */,
				4A0F6FF19A4744B58ACE3DBE /* Satoshi-Light.otf in Resources */,
				691E2AC22E0F4999A840BD09 /* Satoshi-LightItalic.otf in Resources */,
				75206291222D4A529A0308E5 /* Satoshi-Medium.otf in Resources */,
				4DC48777F8CA454C9ED18DE1 /* Satoshi-MediumItalic.otf in Resources */,
				63DD077602AD41DD9C38D73A /* Satoshi-Regular.otf in Resources */,
			);
			runOnlyForDeploymentPostprocessing = 0;
		};
/* End PBXResourcesBuildPhase section */

/* Begin PBXShellScriptBuildPhase section */
		00DD1BFF1BD5951E006B06BC /* Bundle React Native code and images */ = {
			isa = PBXShellScriptBuildPhase;
			buildActionMask = 2147483647;
			files = (
			);
			inputPaths = (
				"$(SRCROOT)/.xcode.env.local",
				"$(SRCROOT)/.xcode.env",
			);
			name = "Bundle React Native code and images";
			outputPaths = (
			);
			runOnlyForDeploymentPostprocessing = 0;
			shellPath = /bin/sh;
			shellScript = "set -e\n\nWITH_ENVIRONMENT=\"$REACT_NATIVE_PATH/scripts/xcode/with-environment.sh\"\nREACT_NATIVE_XCODE=\"$REACT_NATIVE_PATH/scripts/react-native-xcode.sh\"\n\n/bin/sh -c \"\\\"$WITH_ENVIRONMENT\\\" \\\"$REACT_NATIVE_XCODE\\\"\"\n";
		};
		00EEFC60759A1932668264C0 /* [CP] Embed Pods Frameworks */ = {
			isa = PBXShellScriptBuildPhase;
			buildActionMask = 2147483647;
			files = (
			);
			inputFileListPaths = (
				"${PODS_ROOT}/Target Support Files/Pods-AstroTitanAstrologer/Pods-AstroTitanAstrologer-frameworks-${CONFIGURATION}-input-files.xcfilelist",
			);
			name = "[CP] Embed Pods Frameworks";
			outputFileListPaths = (
				"${PODS_ROOT}/Target Support Files/Pods-AstroTitanAstrologer/Pods-AstroTitanAstrologer-frameworks-${CONFIGURATION}-output-files.xcfilelist",
			);
			runOnlyForDeploymentPostprocessing = 0;
			shellPath = /bin/sh;
			shellScript = "\"${PODS_ROOT}/Target Support Files/Pods-AstroTitanAstrologer/Pods-AstroTitanAstrologer-frameworks.sh\"\n";
			showEnvVarsInLog = 0;
		};
		C38B50BA6285516D6DCD4F65 /* [CP] Check Pods Manifest.lock */ = {
			isa = PBXShellScriptBuildPhase;
			buildActionMask = 2147483647;
			files = (
			);
			inputFileListPaths = (
			);
			inputPaths = (
				"${PODS_PODFILE_DIR_PATH}/Podfile.lock",
				"${PODS_ROOT}/Manifest.lock",
			);
			name = "[CP] Check Pods Manifest.lock";
			outputFileListPaths = (
			);
			outputPaths = (
				"$(DERIVED_FILE_DIR)/Pods-AstroTitanAstrologer-checkManifestLockResult.txt",
			);
			runOnlyForDeploymentPostprocessing = 0;
			shellPath = /bin/sh;
			shellScript = "diff \"${PODS_PODFILE_DIR_PATH}/Podfile.lock\" \"${PODS_ROOT}/Manifest.lock\" > /dev/null\nif [ $? != 0 ] ; then\n    # print error to STDERR\n    echo \"error: The sandbox is not in sync with the Podfile.lock. Run 'pod install' or update your CocoaPods installation.\" >&2\n    exit 1\nfi\n# This output is used by Xcode 'outputs' to avoid re-running this script phase.\necho \"SUCCESS\" > \"${SCRIPT_OUTPUT_FILE_0}\"\n";
			showEnvVarsInLog = 0;
		};
		E235C05ADACE081382539298 /* [CP] Copy Pods Resources */ = {
			isa = PBXShellScriptBuildPhase;
			buildActionMask = 2147483647;
			files = (
			);
			inputFileListPaths = (
				"${PODS_ROOT}/Target Support Files/Pods-AstroTitanAstrologer/Pods-AstroTitanAstrologer-resources-${CONFIGURATION}-input-files.xcfilelist",
			);
			name = "[CP] Copy Pods Resources";
			outputFileListPaths = (
				"${PODS_ROOT}/Target Support Files/Pods-AstroTitanAstrologer/Pods-AstroTitanAstrologer-resources-${CONFIGURATION}-output-files.xcfilelist",
			);
			runOnlyForDeploymentPostprocessing = 0;
			shellPath = /bin/sh;
			shellScript = "\"${PODS_ROOT}/Target Support Files/Pods-AstroTitanAstrologer/Pods-AstroTitanAstrologer-resources.sh\"\n";
			showEnvVarsInLog = 0;
		};
/* End PBXShellScriptBuildPhase section */

/* Begin PBXSourcesBuildPhase section */
		13B07F871A680F5B00A75B9A /* Sources */ = {
			isa = PBXSourcesBuildPhase;
			buildActionMask = 2147483647;
			files = (
				761780ED2CA45674006654EE /* AppDelegate.swift in Sources */,
			);
			runOnlyForDeploymentPostprocessing = 0;
		};
/* End PBXSourcesBuildPhase section */

/* Begin XCBuildConfiguration section */
		13B07F941A680F5B00A75B9A /* Debug */ = {
			isa = XCBuildConfiguration;
			baseConfigurationReference = 3B4392A12AC88292D35C810B /* Pods-AstroTitanAstrologer.debug.xcconfig */;
			buildSettings = {
				ASSETCATALOG_COMPILER_APPICON_NAME = AppIcon;
				CLANG_ENABLE_MODULES = YES;
				CURRENT_PROJECT_VERSION = 1;
				ENABLE_BITCODE = NO;
				INFOPLIST_FILE = AstroTitanAstrologer/Info.plist;
				IPHONEOS_DEPLOYMENT_TARGET = 15.1;
				LD_RUNPATH_SEARCH_PATHS = (
					"$(inherited)",
					"@executable_path/Frameworks",
				);
				MARKETING_VERSION = 1.0;
				OTHER_LDFLAGS = (
					"$(inherited)",
					"-ObjC",
					"-lc++",
				);
				PRODUCT_BUNDLE_IDENTIFIER = "org.reactjs.native.example.$(PRODUCT_NAME:rfc1034identifier)";
				PRODUCT_NAME = AstroTitanAstrologer;
				SUPPORTED_PLATFORMS = "iphoneos iphonesimulator";
				SWIFT_OPTIMIZATION_LEVEL = "-Onone";
				SWIFT_VERSION = 5.0;
				TARGETED_DEVICE_FAMILY = "1,2";
				VERSIONING_SYSTEM = "apple-generic";
			};
			name = Debug;
		};
		13B07F951A680F5B00A75B9A /* Release */ = {
			isa = XCBuildConfiguration;
			baseConfigurationReference = 5709B34CF0A7D63546082F79 /* Pods-AstroTitanAstrologer.release.xcconfig */;
			buildSettings = {
				ASSETCATALOG_COMPILER_APPICON_NAME = AppIcon;
				CLANG_ENABLE_MODULES = YES;
				CURRENT_PROJECT_VERSION = 1;
				INFOPLIST_FILE = AstroTitanAstrologer/Info.plist;
				IPHONEOS_DEPLOYMENT_TARGET = 15.1;
				LD_RUNPATH_SEARCH_PATHS = (
					"$(inherited)",
					"@executable_path/Frameworks",
				);
				MARKETING_VERSION = 1.0;
				OTHER_LDFLAGS = (
					"$(inherited)",
					"-ObjC",
					"-lc++",
				);
				PRODUCT_BUNDLE_IDENTIFIER = "org.reactjs.native.example.$(PRODUCT_NAME:rfc1034identifier)";
				PRODUCT_NAME = AstroTitanAstrologer;
				SUPPORTED_PLATFORMS = "iphoneos iphonesimulator";
				SWIFT_VERSION = 5.0;
				TARGETED_DEVICE_FAMILY = "1,2";
				VERSIONING_SYSTEM = "apple-generic";
			};
			name = Release;
		};
		83CBBA201A601CBA00E9B192 /* Debug */ = {
			isa = XCBuildConfiguration;
			buildSettings = {
				ALWAYS_SEARCH_USER_PATHS = NO;
				CLANG_ANALYZER_LOCALIZABILITY_NONLOCALIZED = YES;
				CLANG_CXX_LANGUAGE_STANDARD = "c++20";
				CLANG_CXX_LIBRARY = "libc++";
				CLANG_ENABLE_MODULES = YES;
				CLANG_ENABLE_OBJC_ARC = YES;
				CLANG_WARN_BLOCK_CAPTURE_AUTORELEASING = YES;
				CLANG_WARN_BOOL_CONVERSION = YES;
				CLANG_WARN_COMMA = YES;
				CLANG_WARN_CONSTANT_CONVERSION = YES;
				CLANG_WARN_DEPRECATED_OBJC_IMPLEMENTATIONS = YES;
				CLANG_WARN_DIRECT_OBJC_ISA_USAGE = YES_ERROR;
				CLANG_WARN_EMPTY_BODY = YES;
				CLANG_WARN_ENUM_CONVERSION = YES;
				CLANG_WARN_INFINITE_RECURSION = YES;
				CLANG_WARN_INT_CONVERSION = YES;
				CLANG_WARN_NON_LITERAL_NULL_CONVERSION = YES;
				CLANG_WARN_OBJC_IMPLICIT_RETAIN_SELF = YES;
				CLANG_WARN_OBJC_LITERAL_CONVERSION = YES;
				CLANG_WARN_OBJC_ROOT_CLASS = YES_ERROR;
				CLANG_WARN_QUOTED_INCLUDE_IN_FRAMEWORK_HEADER = YES;
				CLANG_WARN_RANGE_LOOP_ANALYSIS = YES;
				CLANG_WARN_STRICT_PROTOTYPES = YES;
				CLANG_WARN_SUSPICIOUS_MOVE = YES;
				CLANG_WARN_UNREACHABLE_CODE = YES;
				CLANG_WARN__DUPLICATE_METHOD_MATCH = YES;
				"CODE_SIGN_IDENTITY[sdk=iphoneos*]" = "iPhone Developer";
				COPY_PHASE_STRIP = NO;
				ENABLE_STRICT_OBJC_MSGSEND = YES;
				ENABLE_TESTABILITY = YES;
				"EXCLUDED_ARCHS[sdk=iphonesimulator*]" = "";
				GCC_C_LANGUAGE_STANDARD = gnu99;
				GCC_DYNAMIC_NO_PIC = NO;
				GCC_NO_COMMON_BLOCKS = YES;
				GCC_OPTIMIZATION_LEVEL = 0;
				GCC_PREPROCESSOR_DEFINITIONS = (
					"DEBUG=1",
					"$(inherited)",
				);
				GCC_SYMBOLS_PRIVATE_EXTERN = NO;
				GCC_WARN_64_TO_32_BIT_CONVERSION = YES;
				GCC_WARN_ABOUT_RETURN_TYPE = YES_ERROR;
				GCC_WARN_UNDECLARED_SELECTOR = YES;
				GCC_WARN_UNINITIALIZED_AUTOS = YES_AGGRESSIVE;
				GCC_WARN_UNUSED_FUNCTION = YES;
				GCC_WARN_UNUSED_VARIABLE = YES;
				IPHONEOS_DEPLOYMENT_TARGET = 15.1;
				LD_RUNPATH_SEARCH_PATHS = (
					/usr/lib/swift,
					"$(inherited)",
				);
				LIBRARY_SEARCH_PATHS = (
					"\"$(SDKROOT)/usr/lib/swift\"",
					"\"$(TOOLCHAIN_DIR)/usr/lib/swift/$(PLATFORM_NAME)\"",
					"\"$(inherited)\"",
				);
				MTL_ENABLE_DEBUG_INFO = YES;
				ONLY_ACTIVE_ARCH = YES;
				OTHER_CPLUSPLUSFLAGS = (
					"$(OTHER_CFLAGS)",
					"-DFOLLY_NO_CONFIG",
					"-DFOLLY_MOBILE=1",
					"-DFOLLY_USE_LIBCPP=1",
					"-DFOLLY_CFG_NO_COROUTINES=1",
					"-DFOLLY_HAVE_CLOCK_GETTIME=1",
				);
				SDKROOT = iphoneos;
			};
			name = Debug;
		};
		83CBBA211A601CBA00E9B192 /* Release */ = {
			isa = XCBuildConfiguration;
			buildSettings = {
				ALWAYS_SEARCH_USER_PATHS = NO;
				CLANG_ANALYZER_LOCALIZABILITY_NONLOCALIZED = YES;
				CLANG_CXX_LANGUAGE_STANDARD = "c++20";
				CLANG_CXX_LIBRARY = "libc++";
				CLANG_ENABLE_MODULES = YES;
				CLANG_ENABLE_OBJC_ARC = YES;
				CLANG_WARN_BLOCK_CAPTURE_AUTORELEASING = YES;
				CLANG_WARN_BOOL_CONVERSION = YES;
				CLANG_WARN_COMMA = YES;
				CLANG_WARN_CONSTANT_CONVERSION = YES;
				CLANG_WARN_DEPRECATED_OBJC_IMPLEMENTATIONS = YES;
				CLANG_WARN_DIRECT_OBJC_ISA_USAGE = YES_ERROR;
				CLANG_WARN_EMPTY_BODY = YES;
				CLANG_WARN_ENUM_CONVERSION = YES;
				CLANG_WARN_INFINITE_RECURSION = YES;
				CLANG_WARN_INT_CONVERSION = YES;
				CLANG_WARN_NON_LITERAL_NULL_CONVERSION = YES;
				CLANG_WARN_OBJC_IMPLICIT_RETAIN_SELF = YES;
				CLANG_WARN_OBJC_LITERAL_CONVERSION = YES;
				CLANG_WARN_OBJC_ROOT_CLASS = YES_ERROR;
				CLANG_WARN_QUOTED_INCLUDE_IN_FRAMEWORK_HEADER = YES;
				CLANG_WARN_RANGE_LOOP_ANALYSIS = YES;
				CLANG_WARN_STRICT_PROTOTYPES = YES;
				CLANG_WARN_SUSPICIOUS_MOVE = YES;
				CLANG_WARN_UNREACHABLE_CODE = YES;
				CLANG_WARN__DUPLICATE_METHOD_MATCH = YES;
				"CODE_SIGN_IDENTITY[sdk=iphoneos*]" = "iPhone Developer";
				COPY_PHASE_STRIP = YES;
				ENABLE_NS_ASSERTIONS = NO;
				ENABLE_STRICT_OBJC_MSGSEND = YES;
				"EXCLUDED_ARCHS[sdk=iphonesimulator*]" = "";
				GCC_C_LANGUAGE_STANDARD = gnu99;
				GCC_NO_COMMON_BLOCKS = YES;
				GCC_WARN_64_TO_32_BIT_CONVERSION = YES;
				GCC_WARN_ABOUT_RETURN_TYPE = YES_ERROR;
				GCC_WARN_UNDECLARED_SELECTOR = YES;
				GCC_WARN_UNINITIALIZED_AUTOS = YES_AGGRESSIVE;
				GCC_WARN_UNUSED_FUNCTION = YES;
				GCC_WARN_UNUSED_VARIABLE = YES;
				IPHONEOS_DEPLOYMENT_TARGET = 15.1;
				LD_RUNPATH_SEARCH_PATHS = (
					/usr/lib/swift,
					"$(inherited)",
				);
				LIBRARY_SEARCH_PATHS = (
					"\"$(SDKROOT)/usr/lib/swift\"",
					"\"$(TOOLCHAIN_DIR)/usr/lib/swift/$(PLATFORM_NAME)\"",
					"\"$(inherited)\"",
				);
				MTL_ENABLE_DEBUG_INFO = NO;
				OTHER_CPLUSPLUSFLAGS = (
					"$(OTHER_CFLAGS)",
					"-DFOLLY_NO_CONFIG",
					"-DFOLLY_MOBILE=1",
					"-DFOLLY_USE_LIBCPP=1",
					"-DFOLLY_CFG_NO_COROUTINES=1",
					"-DFOLLY_HAVE_CLOCK_GETTIME=1",
				);
				SDKROOT = iphoneos;
				VALIDATE_PRODUCT = YES;
			};
			name = Release;
		};
/* End XCBuildConfiguration section */

/* Begin XCConfigurationList section */
		13B07F931A680F5B00A75B9A /* Build configuration list for PBXNativeTarget "AstroTitanAstrologer" */ = {
			isa = XCConfigurationList;
			buildConfigurations = (
				13B07F941A680F5B00A75B9A /* Debug */,
				13B07F951A680F5B00A75B9A /* Release */,
			);
			defaultConfigurationIsVisible = 0;
			defaultConfigurationName = Release;
		};
		83CBB9FA1A601CBA00E9B192 /* Build configuration list for PBXProject "AstroTitanAstrologer" */ = {
			isa = XCConfigurationList;
			buildConfigurations = (
				83CBBA201A601CBA00E9B192 /* Debug */,
				83CBBA211A601CBA00E9B192 /* Release */,
			);
			defaultConfigurationIsVisible = 0;
			defaultConfigurationName = Release;
		};
/* End XCConfigurationList section */
	};
	rootObject = 83CBB9F71A601CBA00E9B192 /* Project object */;
}
